
Microsoft Visual Studio Solution File, Format Version 12.00
# Visual Studio Version 17
VisualStudioVersion = 17.4.33403.182
MinimumVisualStudioVersion = 10.0.40219.1
Project("{FAE04EC0-301F-11D3-BF4B-00C04F79EFBC}") = "Aula2", "Aula2.csproj", "{367D6256-A8DD-4886-A2A2-46AF1B25AD08}"
EndProject
Global
	GlobalSection(SolutionConfigurationPlatforms) = preSolution
		Debug|Any CPU = Debug|Any CPU
		Release|Any CPU = Release|Any CPU
	EndGlobalSection
	GlobalSection(ProjectConfigurationPlatforms) = postSolution
		{367D6256-A8DD-4886-A2A2-46AF1B25AD08}.Debug|Any CPU.ActiveCfg = Debug|Any CPU
		{367D6256-A8DD-4886-A2A2-46AF1B25AD08}.Debug|Any CPU.Build.0 = Debug|Any CPU
		{367D6256-A8DD-4886-A2A2-46AF1B25AD08}.Release|Any CPU.ActiveCfg = Release|Any CPU
		{367D6256-A8DD-4886-A2A2-46AF1B25AD08}.Release|Any CPU.Build.0 = Release|Any CPU
	EndGlobalSection
	GlobalSection(SolutionProperties) = preSolution
		HideSolutionNode = FALSE
	EndGlobalSection
	GlobalSection(ExtensibilityGlobals) = postSolution
		SolutionGuid = {E6B90605-5802-4A79-91CE-B90D827F91DA}
	EndGlobalSection
EndGlobal
